// !$*UTF8*$!
{
	archiveVersion = 1;
	classes = {
	};
	objectVersion = 46;
	objects = {

/* Begin PBXBuildFile section */
		E2F508091B0FE644008804F8 /* AppDelegate.swift in Sources */ = {isa = PBXBuildFile; fileRef = E2F508081B0FE644008804F8 /* AppDelegate.swift */; };
		E2F5080B1B0FE644008804F8 /* ViewController.swift in Sources */ = {isa = PBXBuildFile; fileRef = E2F5080A1B0FE644008804F8 /* ViewController.swift */; };
		E2F5080E1B0FE644008804F8 /* Main.storyboard in Resources */ = {isa = PBXBuildFile; fileRef = E2F5080C1B0FE644008804F8 /* Main.storyboard */; };
		E2F508101B0FE644008804F8 /* Images.xcassets in Resources */ = {isa = PBXBuildFile; fileRef = E2F5080F1B0FE644008804F8 /* Images.xcassets */; };
		E2F508131B0FE644008804F8 /* LaunchScreen.xib in Resources */ = {isa = PBXBuildFile; fileRef = E2F508111B0FE644008804F8 /* LaunchScreen.xib */; };
		E2F5081F1B0FE644008804F8 /* TouchStampTests.swift in Sources */ = {isa = PBXBuildFile; fileRef = E2F5081E1B0FE644008804F8 /* TouchStampTests.swift */; };
		E2F5082F1B1023B7008804F8 /* background.png in Resources */ = {isa = PBXBuildFile; fileRef = E2F5082A1B1023B7008804F8 /* background.png */; };
		E2F508301B1023B7008804F8 /* hana.png in Resources */ = {isa = PBXBuildFile; fileRef = E2F5082B1B1023B7008804F8 /* hana.png */; };
		E2F508311B1023B7008804F8 /* hoshi.png in Resources */ = {isa = PBXBuildFile; fileRef = E2F5082C1B1023B7008804F8 /* hoshi.png */; };
		E2F508321B1023B7008804F8 /* onpu.png in Resources */ = {isa = PBXBuildFile; fileRef = E2F5082D1B1023B7008804F8 /* onpu.png */; };
		E2F508331B1023B7008804F8 /* shitumon.png in Resources */ = {isa = PBXBuildFile; fileRef = E2F5082E1B1023B7008804F8 /* shitumon.png */; };
/* End PBXBuildFile section */

/* Begin PBXContainerItemProxy section */
		E2F508191B0FE644008804F8 /* PBXContainerItemProxy */ = {
			isa = PBXContainerItemProxy;
			containerPortal = E2F507FB1B0FE644008804F8 /* Project object */;
			proxyType = 1;
			remoteGlobalIDString = E2F508021B0FE644008804F8;
			remoteInfo = TouchStamp;
		};
/* End PBXContainerItemProxy section */

/* Begin PBXFileReference section */
		E2F508031B0FE644008804F8 /* TouchStamp.app */ = {isa = PBXFileReference; explicitFileType = wrapper.application; includeInIndex = 0; path = TouchStamp.app; sourceTree = BUILT_PRODUCTS_DIR; };
		E2F508071B0FE644008804F8 /* Info.plist */ = {isa = PBXFileReference; lastKnownFileType = text.plist.xml; path = Info.plist; sourceTree = "<group>"; };
		E2F508081B0FE644008804F8 /* AppDelegate.swift */ = {isa = PBXFileReference; lastKnownFileType = sourcecode.swift; path = AppDelegate.swift; sourceTree = "<group>"; };
		E2F5080A1B0FE644008804F8 /* ViewController.swift */ = {isa = PBXFileReference; lastKnownFileType = sourcecode.swift; path = ViewController.swift; sourceTree = "<group>"; };
		E2F5080D1B0FE644008804F8 /* Base */ = {isa = PBXFileReference; lastKnownFileType = file.storyboard; name = Base; path = Base.lproj/Main.storyboard; sourceTree = "<group>"; };
		E2F5080F1B0FE644008804F8 /* Images.xcassets */ = {isa = PBXFileReference; lastKnownFileType = folder.assetcatalog; path = Images.xcassets; sourceTree = "<group>"; };
		E2F508121B0FE644008804F8 /* Base */ = {isa = PBXFileReference; lastKnownFileType = file.xib; name = Base; path = Base.lproj/LaunchScreen.xib; sourceTree = "<group>"; };
		E2F508181B0FE644008804F8 /* TouchStampTests.xctest */ = {isa = PBXFileReference; explicitFileType = wrapper.cfbundle; includeInIndex = 0; path = TouchStampTests.xctest; sourceTree = BUILT_PRODUCTS_DIR; };
		E2F5081D1B0FE644008804F8 /* Info.plist */ = {isa = PBXFileReference; lastKnownFileType = text.plist.xml; path = Info.plist; sourceTree = "<group>"; };
		E2F5081E1B0FE644008804F8 /* TouchStampTests.swift */ = {isa = PBXFileReference; lastKnownFileType = sourcecode.swift; path = TouchStampTests.swift; sourceTree = "<group>"; };
		E2F5082A1B1023B7008804F8 /* background.png */ = {isa = PBXFileReference; lastKnownFileType = image.png; name = background.png; path = images/background.png; sourceTree = "<group>"; };
		E2F5082B1B1023B7008804F8 /* hana.png */ = {isa = PBXFileReference; lastKnownFileType = image.png; name = hana.png; path = images/hana.png; sourceTree = "<group>"; };
		E2F5082C1B1023B7008804F8 /* hoshi.png */ = {isa = PBXFileReference; lastKnownFileType = image.png; name = hoshi.png; path = images/hoshi.png; sourceTree = "<group>"; };
		E2F5082D1B1023B7008804F8 /* onpu.png */ = {isa = PBXFileReference; lastKnownFileType = image.png; name = onpu.png; path = images/onpu.png; sourceTree = "<group>"; };
		E2F5082E1B1023B7008804F8 /* shitumon.png */ = {isa = PBXFileReference; lastKnownFileType = image.png; name = shitumon.png; path = images/shitumon.png; sourceTree = "<group>"; };
/* End PBXFileReference section */

/* Begin PBXFrameworksBuildPhase section */
		E2F508001B0FE644008804F8 /* Frameworks */ = {
			isa = PBXFrameworksBuildPhase;
			buildActionMask = 2147483647;
			files = (
			);
			runOnlyForDeploymentPostprocessing = 0;
		};
		E2F508151B0FE644008804F8 /* Frameworks */ = {
			isa = PBXFrameworksBuildPhase;
			buildActionMask = 2147483647;
			files = (
			);
			runOnlyForDeploymentPostprocessing = 0;
		};
/* End PBXFrameworksBuildPhase section */

/* Begin PBXGroup section */
		E2F507FA1B0FE644008804F8 = {
			isa = PBXGroup;
			children = (
				E2F5082A1B1023B7008804F8 /* background.png */,
				E2F5082B1B1023B7008804F8 /* hana.png */,
				E2F5082C1B1023B7008804F8 /* hoshi.png */,
				E2F5082D1B1023B7008804F8 /* onpu.png */,
				E2F5082E1B1023B7008804F8 /* shitumon.png */,
				E2F508051B0FE644008804F8 /* TouchStamp */,
				E2F5081B1B0FE644008804F8 /* TouchStampTests */,
				E2F508041B0FE644008804F8 /* Products */,
			);
			sourceTree = "<group>";
		};
		E2F508041B0FE644008804F8 /* Products */ = {
			isa = PBXGroup;
			children = (
				E2F508031B0FE644008804F8 /* TouchStamp.app */,
				E2F508181B0FE644008804F8 /* TouchStampTests.xctest */,
			);
			name = Products;
			sourceTree = "<group>";
		};
		E2F508051B0FE644008804F8 /* TouchStamp */ = {
			isa = PBXGroup;
			children = (
				E2F508081B0FE644008804F8 /* AppDelegate.swift */,
				E2F5080A1B0FE644008804F8 /* ViewController.swift */,
				E2F5080C1B0FE644008804F8 /* Main.storyboard */,
				E2F5080F1B0FE644008804F8 /* Images.xcassets */,
				E2F508111B0FE644008804F8 /* LaunchScreen.xib */,
				E2F508061B0FE644008804F8 /* Supporting Files */,
			);
			path = TouchStamp;
			sourceTree = "<group>";
		};
		E2F508061B0FE644008804F8 /* Supporting Files */ = {
			isa = PBXGroup;
			children = (
				E2F508071B0FE644008804F8 /* Info.plist */,
			);
			name = "Supporting Files";
			sourceTree = "<group>";
		};
		E2F5081B1B0FE644008804F8 /* TouchStampTests */ = {
			isa = PBXGroup;
			children = (
				E2F5081E1B0FE644008804F8 /* TouchStampTests.swift */,
				E2F5081C1B0FE644008804F8 /* Supporting Files */,
			);
			path = TouchStampTests;
			sourceTree = "<group>";
		};
		E2F5081C1B0FE644008804F8 /* Supporting Files */ = {
			isa = PBXGroup;
			children = (
				E2F5081D1B0FE644008804F8 /* Info.plist */,
			);
			name = "Supporting Files";
			sourceTree = "<group>";
		};
/* End PBXGroup section */

/* Begin PBXNativeTarget section */
		E2F508021B0FE644008804F8 /* TouchStamp */ = {
			isa = PBXNativeTarget;
			buildConfigurationList = E2F508221B0FE644008804F8 /* Build configuration list for PBXNativeTarget "TouchStamp" */;
			buildPhases = (
				E2F507FF1B0FE644008804F8 /* Sources */,
				E2F508001B0FE644008804F8 /* Frameworks */,
				E2F508011B0FE644008804F8 /* Resources */,
			);
			buildRules = (
			);
			dependencies = (
			);
			name = TouchStamp;
			productName = TouchStamp;
			productReference = E2F508031B0FE644008804F8 /* TouchStamp.app */;
			productType = "com.apple.product-type.application";
		};
		E2F508171B0FE644008804F8 /* TouchStampTests */ = {
			isa = PBXNativeTarget;
			buildConfigurationList = E2F508251B0FE644008804F8 /* Build configuration list for PBXNativeTarget "TouchStampTests" */;
			buildPhases = (
				E2F508141B0FE644008804F8 /* Sources */,
				E2F508151B0FE644008804F8 /* Frameworks */,
				E2F508161B0FE644008804F8 /* Resources */,
			);
			buildRules = (
			);
			dependencies = (
				E2F5081A1B0FE644008804F8 /* PBXTargetDependency */,
			);
			name = TouchStampTests;
			productName = TouchStampTests;
			productReference = E2F508181B0FE644008804F8 /* TouchStampTests.xctest */;
			productType = "com.apple.product-type.bundle.unit-test";
		};
/* End PBXNativeTarget section */

/* Begin PBXProject section */
		E2F507FB1B0FE644008804F8 /* Project object */ = {
			isa = PBXProject;
			attributes = {
				LastUpgradeCheck = 0630;
				ORGANIZATIONNAME = nagata;
				TargetAttributes = {
					E2F508021B0FE644008804F8 = {
						CreatedOnToolsVersion = 6.3.1;
					};
					E2F508171B0FE644008804F8 = {
						CreatedOnToolsVersion = 6.3.1;
						TestTargetID = E2F508021B0FE644008804F8;
					};
				};
			};
			buildConfigurationList = E2F507FE1B0FE644008804F8 /* Build configuration list for PBXProject "TouchStamp" */;
			compatibilityVersion = "Xcode 3.2";
			developmentRegion = English;
			hasScannedForEncodings = 0;
			knownRegions = (
				en,
				Base,
			);
			mainGroup = E2F507FA1B0FE644008804F8;
			productRefGroup = E2F508041B0FE644008804F8 /* Products */;
			projectDirPath = "";
			projectRoot = "";
			targets = (
				E2F508021B0FE644008804F8 /* TouchStamp */,
				E2F508171B0FE644008804F8 /* TouchStampTests */,
			);
		};
/* End PBXProject section */

/* Begin PBXResourcesBuildPhase section */
		E2F508011B0FE644008804F8 /* Resources */ = {
			isa = PBXResourcesBuildPhase;
			buildActionMask = 2147483647;
			files = (
				E2F5080E1B0FE644008804F8 /* Main.storyboard in Resources */,
				E2F508311B1023B7008804F8 /* hoshi.png in Resources */,
				E2F508301B1023B7008804F8 /* hana.png in Resources */,
				E2F5082F1B1023B7008804F8 /* background.png in Resources */,
				E2F508131B0FE644008804F8 /* LaunchScreen.xib in Resources */,
				E2F508321B1023B7008804F8 /* onpu.png in Resources */,
				E2F508331B1023B7008804F8 /* shitumon.png in Resources */,
				E2F508101B0FE644008804F8 /* Images.xcassets in Resources */,
			);
			runOnlyForDeploymentPostprocessing = 0;
		};
		E2F508161B0FE644008804F8 /* Resources */ = {
			isa = PBXResourcesBuildPhase;
			buildActionMask = 2147483647;
			files = (
			);
			runOnlyForDeploymentPostprocessing = 0;
		};
/* End PBXResourcesBuildPhase section */

/* Begin PBXSourcesBuildPhase section */
		E2F507FF1B0FE644008804F8 /* Sources */ = {
			isa = PBXSourcesBuildPhase;
			buildActionMask = 2147483647;
			files = (
				E2F5080B1B0FE644008804F8 /* ViewController.swift in Sources */,
				E2F508091B0FE644008804F8 /* AppDelegate.swift in Sources */,
			);
			runOnlyForDeploymentPostprocessing = 0;
		};
		E2F508141B0FE644008804F8 /* Sources */ = {
			isa = PBXSourcesBuildPhase;
			buildActionMask = 2147483647;
			files = (
				E2F5081F1B0FE644008804F8 /* TouchStampTests.swift in Sources */,
			);
			runOnlyForDeploymentPostprocessing = 0;
		};
/* End PBXSourcesBuildPhase section */

/* Begin PBXTargetDependency section */
		E2F5081A1B0FE644008804F8 /* PBXTargetDependency */ = {
			isa = PBXTargetDependency;
			target = E2F508021B0FE644008804F8 /* TouchStamp */;
			targetProxy = E2F508191B0FE644008804F8 /* PBXContainerItemProxy */;
		};
/* End PBXTargetDependency section */

/* Begin PBXVariantGroup section */
		E2F5080C1B0FE644008804F8 /* Main.storyboard */ = {
			isa = PBXVariantGroup;
			children = (
				E2F5080D1B0FE644008804F8 /* Base */,
			);
			name = Main.storyboard;
			sourceTree = "<group>";
		};
		E2F508111B0FE644008804F8 /* LaunchScreen.xib */ = {
			isa = PBXVariantGroup;
			children = (
				E2F508121B0FE644008804F8 /* Base */,
			);
			name = LaunchScreen.xib;
			sourceTree = "<group>";
		};
/* End PBXVariantGroup section */

/* Begin XCBuildConfiguration section */
		E2F508201B0FE644008804F8 /* Debug */ = {
			isa = XCBuildConfiguration;
			buildSettings = {
				ALWAYS_SEARCH_USER_PATHS = NO;
				CLANG_CXX_LANGUAGE_STANDARD = "gnu++0x";
				CLANG_CXX_LIBRARY = "libc++";
				CLANG_ENABLE_MODULES = YES;
				CLANG_ENABLE_OBJC_ARC = YES;
				CLANG_WARN_BOOL_CONVERSION = YES;
				CLANG_WARN_CONSTANT_CONVERSION = YES;
				CLANG_WARN_DIRECT_OBJC_ISA_USAGE = YES_ERROR;
				CLANG_WARN_EMPTY_BODY = YES;
				CLANG_WARN_ENUM_CONVERSION = YES;
				CLANG_WARN_INT_CONVERSION = YES;
				CLANG_WARN_OBJC_ROOT_CLASS = YES_ERROR;
				CLANG_WARN_UNREACHABLE_CODE = YES;
				CLANG_WARN__DUPLICATE_METHOD_MATCH = YES;
				"CODE_SIGN_IDENTITY[sdk=iphoneos*]" = "iPhone Developer";
				COPY_PHASE_STRIP = NO;
				DEBUG_INFORMATION_FORMAT = "dwarf-with-dsym";
				ENABLE_STRICT_OBJC_MSGSEND = YES;
				GCC_C_LANGUAGE_STANDARD = gnu99;
				GCC_DYNAMIC_NO_PIC = NO;
				GCC_NO_COMMON_BLOCKS = YES;
				GCC_OPTIMIZATION_LEVEL = 0;
				GCC_PREPROCESSOR_DEFINITIONS = (
					"DEBUG=1",
					"$(inherited)",
				);
				GCC_SYMBOLS_PRIVATE_EXTERN = NO;
				GCC_WARN_64_TO_32_BIT_CONVERSION = YES;
				GCC_WARN_ABOUT_RETURN_TYPE = YES_ERROR;
				GCC_WARN_UNDECLARED_SELECTOR = YES;
				GCC_WARN_UNINITIALIZED_AUTOS = YES_AGGRESSIVE;
				GCC_WARN_UNUSED_FUNCTION = YES;
				GCC_WARN_UNUSED_VARIABLE = YES;
				IPHONEOS_DEPLOYMENT_TARGET = 8.3;
				MTL_ENABLE_DEBUG_INFO = YES;
				ONLY_ACTIVE_ARCH = YES;
				SDKROOT = iphoneos;
				SWIFT_OPTIMIZATION_LEVEL = "-Onone";
			};
			name = Debug;
		};
		E2F508211B0FE644008804F8 /* Release */ = {
			isa = XCBuildConfiguration;
			buildSettings = {
				ALWAYS_SEARCH_USER_PATHS = NO;
				CLANG_CXX_LANGUAGE_STANDARD = "gnu++0x";
				CLANG_CXX_LIBRARY = "libc++";
				CLANG_ENABLE_MODULES = YES;
				CLANG_ENABLE_OBJC_ARC = YES;
				CLANG_WARN_BOOL_CONVERSION = YES;
				CLANG_WARN_CONSTANT_CONVERSION = YES;
				CLANG_WARN_DIRECT_OBJC_ISA_USAGE = YES_ERROR;
				CLANG_WARN_EMPTY_BODY = YES;
				CLANG_WARN_ENUM_CONVERSION = YES;
				CLANG_WARN_INT_CONVERSION = YES;
				CLANG_WARN_OBJC_ROOT_CLASS = YES_ERROR;
				CLANG_WARN_UNREACHABLE_CODE = YES;
				CLANG_WARN__DUPLICATE_METHOD_MATCH = YES;
				"CODE_SIGN_IDENTITY[sdk=iphoneos*]" = "iPhone Developer";
				COPY_PHASE_STRIP = NO;
				DEBUG_INFORMATION_FORMAT = "dwarf-with-dsym";
				ENABLE_NS_ASSERTIONS = NO;
				ENABLE_STRICT_OBJC_MSGSEND = YES;
				GCC_C_LANGUAGE_STANDARD = gnu99;
				GCC_NO_COMMON_BLOCKS = YES;
				GCC_WARN_64_TO_32_BIT_CONVERSION = YES;
				GCC_WARN_ABOUT_RETURN_TYPE = YES_ERROR;
				GCC_WARN_UNDECLARED_SELECTOR = YES;
				GCC_WARN_UNINITIALIZED_AUTOS = YES_AGGRESSIVE;
				GCC_WARN_UNUSED_FUNCTION = YES;
				GCC_WARN_UNUSED_VARIABLE = YES;
				IPHONEOS_DEPLOYMENT_TARGET = 8.3;
				MTL_ENABLE_DEBUG_INFO = NO;
				SDKROOT = iphoneos;
				VALIDATE_PRODUCT = YES;
			};
			name = Release;
		};
		E2F508231B0FE644008804F8 /* Debug */ = {
			isa = XCBuildConfiguration;
			buildSettings = {
				ASSETCATALOG_COMPILER_APPICON_NAME = AppIcon;
				INFOPLIST_FILE = TouchStamp/Info.plist;
				LD_RUNPATH_SEARCH_PATHS = "$(inherited) @executable_path/Frameworks";
				PRODUCT_NAME = "$(TARGET_NAME)";
			};
			name = Debug;
		};
		E2F508241B0FE644008804F8 /* Release */ = {
			isa = XCBuildConfiguration;
			buildSettings = {
				ASSETCATALOG_COMPILER_APPICON_NAME = AppIcon;
				INFOPLIST_FILE = TouchStamp/Info.plist;
				LD_RUNPATH_SEARCH_PATHS = "$(inherited) @executable_path/Frameworks";
				PRODUCT_NAME = "$(TARGET_NAME)";
			};
			name = Release;
		};
		E2F508261B0FE644008804F8 /* Debug */ = {
			isa = XCBuildConfiguration;
			buildSettings = {
				BUNDLE_LOADER = "$(TEST_HOST)";
				FRAMEWORK_SEARCH_PATHS = (
					"$(SDKROOT)/Developer/Library/Frameworks",
					"$(inherited)",
				);
				GCC_PREPROCESSOR_DEFINITIONS = (
					"DEBUG=1",
					"$(inherited)",
				);
				INFOPLIST_FILE = TouchStampTests/Info.plist;
				LD_RUNPATH_SEARCH_PATHS = "$(inherited) @executable_path/Frameworks @loader_path/Frameworks";
				PRODUCT_NAME = "$(TARGET_NAME)";
				TEST_HOST = "$(BUILT_PRODUCTS_DIR)/TouchStamp.app/TouchStamp";
			};
			name = Debug;
		};
		E2F508271B0FE644008804F8 /* Release */ = {
			isa = XCBuildConfiguration;
			buildSettings = {
				BUNDLE_LOADER = "$(TEST_HOST)";
				FRAMEWORK_SEARCH_PATHS = (
					"$(SDKROOT)/Developer/Library/Frameworks",
					"$(inherited)",
				);
				INFOPLIST_FILE = TouchStampTests/Info.plist;
				LD_RUNPATH_SEARCH_PATHS = "$(inherited) @executable_path/Frameworks @loader_path/Frameworks";
				PRODUCT_NAME = "$(TARGET_NAME)";
				TEST_HOST = "$(BUILT_PRODUCTS_DIR)/TouchStamp.app/TouchStamp";
			};
			name = Release;
		};
/* End XCBuildConfiguration section */

/* Begin XCConfigurationList section */
		E2F507FE1B0FE644008804F8 /* Build configuration list for PBXProject "TouchStamp" */ = {
			isa = XCConfigurationList;
			buildConfigurations = (
				E2F508201B0FE644008804F8 /* Debug */,
				E2F508211B0FE644008804F8 /* Release */,
			);
			defaultConfigurationIsVisible = 0;
			defaultConfigurationName = Release;
		};
		E2F508221B0FE644008804F8 /* Build configuration list for PBXNativeTarget "TouchStamp" */ = {
			isa = XCConfigurationList;
			buildConfigurations = (
				E2F508231B0FE644008804F8 /* Debug */,
				E2F508241B0FE644008804F8 /* Release */,
			);
			defaultConfigurationIsVisible = 0;
			defaultConfigurationName = Release;
		};
		E2F508251B0FE644008804F8 /* Build configuration list for PBXNativeTarget "TouchStampTests" */ = {
			isa = XCConfigurationList;
			buildConfigurations = (
				E2F508261B0FE644008804F8 /* Debug */,
				E2F508271B0FE644008804F8 /* Release */,
			);
			defaultConfigurationIsVisible = 0;
			defaultConfigurationName = Release;
		};
/* End XCConfigurationList section */
	};
	rootObject = E2F507FB1B0FE644008804F8 /* Project object */;
}
